
Microsoft Visual Studio Solution File, Format Version 12.00
# Visual Studio 15
VisualStudioVersion = 15.0.28307.1321
MinimumVisualStudioVersion = 10.0.40219.1
Project("{FAE04EC0-301F-11D3-BF4B-00C04F79EFBC}") = "_allTheSmallThings", "_allTheSmallThings\_allTheSmallThings.csproj", "{2F522EF9-FF63-40A3-BD57-7748E0AFC389}"
EndProject
Project("{FAE04EC0-301F-11D3-BF4B-00C04F79EFBC}") = "MainProject", "MainProject\MainProject.csproj", "{A863B24A-BDE5-4C2E-B463-FFD3B21B6D50}"
EndProject
Project("{FAE04EC0-301F-11D3-BF4B-00C04F79EFBC}") = "ExamplesMenu", "ExamplesMenu\ExamplesMenu.csproj", "{F8A8A2EC-7437-4F63-8358-692A4D210DB5}"
EndProject
Project("{FAE04EC0-301F-11D3-BF4B-00C04F79EFBC}") = "CheckSomeExamples", "CheckSomeExamples\CheckSomeExamples.csproj", "{714D4879-861C-4329-B8B2-AAC66F999C44}"
EndProject
Global
	GlobalSection(SolutionConfigurationPlatforms) = preSolution
		Debug|Any CPU = Debug|Any CPU
		Debug|x64 = Debug|x64
		Release|Any CPU = Release|Any CPU
		Release|x64 = Release|x64
	EndGlobalSection
	GlobalSection(ProjectConfigurationPlatforms) = postSolution
		{2F522EF9-FF63-40A3-BD57-7748E0AFC389}.Debug|Any CPU.ActiveCfg = Debug|x64
		{2F522EF9-FF63-40A3-BD57-7748E0AFC389}.Debug|x64.ActiveCfg = Debug|x64
		{2F522EF9-FF63-40A3-BD57-7748E0AFC389}.Debug|x64.Build.0 = Debug|x64
		{2F522EF9-FF63-40A3-BD57-7748E0AFC389}.Release|Any CPU.ActiveCfg = Release|x64
		{2F522EF9-FF63-40A3-BD57-7748E0AFC389}.Release|x64.ActiveCfg = Release|x64
		{2F522EF9-FF63-40A3-BD57-7748E0AFC389}.Release|x64.Build.0 = Release|x64
		{A863B24A-BDE5-4C2E-B463-FFD3B21B6D50}.Debug|Any CPU.ActiveCfg = Debug|x64
		{A863B24A-BDE5-4C2E-B463-FFD3B21B6D50}.Debug|x64.ActiveCfg = Debug|x64
		{A863B24A-BDE5-4C2E-B463-FFD3B21B6D50}.Debug|x64.Build.0 = Debug|x64
		{A863B24A-BDE5-4C2E-B463-FFD3B21B6D50}.Release|Any CPU.ActiveCfg = Release|x64
		{A863B24A-BDE5-4C2E-B463-FFD3B21B6D50}.Release|x64.ActiveCfg = Release|x64
		{A863B24A-BDE5-4C2E-B463-FFD3B21B6D50}.Release|x64.Build.0 = Release|x64
		{F8A8A2EC-7437-4F63-8358-692A4D210DB5}.Debug|Any CPU.ActiveCfg = Debug|x64
		{F8A8A2EC-7437-4F63-8358-692A4D210DB5}.Debug|x64.ActiveCfg = Debug|x64
		{F8A8A2EC-7437-4F63-8358-692A4D210DB5}.Debug|x64.Build.0 = Debug|x64
		{F8A8A2EC-7437-4F63-8358-692A4D210DB5}.Release|Any CPU.ActiveCfg = Release|x64
		{F8A8A2EC-7437-4F63-8358-692A4D210DB5}.Release|x64.ActiveCfg = Release|x64
		{F8A8A2EC-7437-4F63-8358-692A4D210DB5}.Release|x64.Build.0 = Release|x64
		{714D4879-861C-4329-B8B2-AAC66F999C44}.Debug|Any CPU.ActiveCfg = Debug|Any CPU
		{714D4879-861C-4329-B8B2-AAC66F999C44}.Debug|Any CPU.Build.0 = Debug|Any CPU
		{714D4879-861C-4329-B8B2-AAC66F999C44}.Debug|x64.ActiveCfg = Debug|Any CPU
		{714D4879-861C-4329-B8B2-AAC66F999C44}.Debug|x64.Build.0 = Debug|Any CPU
		{714D4879-861C-4329-B8B2-AAC66F999C44}.Release|Any CPU.ActiveCfg = Release|Any CPU
		{714D4879-861C-4329-B8B2-AAC66F999C44}.Release|Any CPU.Build.0 = Release|Any CPU
		{714D4879-861C-4329-B8B2-AAC66F999C44}.Release|x64.ActiveCfg = Release|Any CPU
		{714D4879-861C-4329-B8B2-AAC66F999C44}.Release|x64.Build.0 = Release|Any CPU
	EndGlobalSection
	GlobalSection(SolutionProperties) = preSolution
		HideSolutionNode = FALSE
	EndGlobalSection
	GlobalSection(ExtensibilityGlobals) = postSolution
		SolutionGuid = {29D2633C-A5C0-4BAC-B971-98678CC277DB}
	EndGlobalSection
EndGlobal
